
Microsoft Visual Studio Solution File, Format Version 12.00
# Visual Studio Version 16
VisualStudioVersion = 16.0.31727.386
MinimumVisualStudioVersion = 10.0.40219.1
Project("{FAE04EC0-301F-11D3-BF4B-00C04F79EFBC}") = "Hora_Data", "Hora_Data.csproj", "{C51CA69A-2CD5-4124-B0CE-0F77E4E0C239}"
EndProject
Global
	GlobalSection(SolutionConfigurationPlatforms) = preSolution
		Debug|Any CPU = Debug|Any CPU
		Release|Any CPU = Release|Any CPU
	EndGlobalSection
	GlobalSection(ProjectConfigurationPlatforms) = postSolution
		{C51CA69A-2CD5-4124-B0CE-0F77E4E0C239}.Debug|Any CPU.ActiveCfg = Debug|Any CPU
		{C51CA69A-2CD5-4124-B0CE-0F77E4E0C239}.Debug|Any CPU.Build.0 = Debug|Any CPU
		{C51CA69A-2CD5-4124-B0CE-0F77E4E0C239}.Release|Any CPU.ActiveCfg = Release|Any CPU
		{C51CA69A-2CD5-4124-B0CE-0F77E4E0C239}.Release|Any CPU.Build.0 = Release|Any CPU
	EndGlobalSection
	GlobalSection(SolutionProperties) = preSolution
		HideSolutionNode = FALSE
	EndGlobalSection
	GlobalSection(ExtensibilityGlobals) = postSolution
		SolutionGuid = {B3AEACEF-C32A-4735-BB74-9D692DBE0912}
	EndGlobalSection
EndGlobal
